
Microsoft Visual Studio Solution File, Format Version 12.00
# Visual Studio Version 16
VisualStudioVersion = 16.0.31005.135
MinimumVisualStudioVersion = 10.0.40219.1
Project("{8BC9CEB8-8B4A-11D0-8D11-00A0C91BC942}") = "LED-Matrix-Advanced-Controlling", "LED-Matrix-Advanced-Controlling\LED-Matrix-Advanced-Controlling.vcxproj", "{CD4A5391-9EB7-4A65-901C-E25589DD0460}"
EndProject
Global
	GlobalSection(SolutionConfigurationPlatforms) = preSolution
		Debug|ARM = Debug|ARM
		Debug|ARM64 = Debug|ARM64
		Release|ARM = Release|ARM
		Release|ARM64 = Release|ARM64
	EndGlobalSection
	GlobalSection(ProjectConfigurationPlatforms) = postSolution
		{CD4A5391-9EB7-4A65-901C-E25589DD0460}.Debug|ARM.ActiveCfg = Debug|ARM
		{CD4A5391-9EB7-4A65-901C-E25589DD0460}.Debug|ARM.Build.0 = Debug|ARM
		{CD4A5391-9EB7-4A65-901C-E25589DD0460}.Debug|ARM.Deploy.0 = Debug|ARM
		{CD4A5391-9EB7-4A65-901C-E25589DD0460}.Debug|ARM64.ActiveCfg = Debug|ARM64
		{CD4A5391-9EB7-4A65-901C-E25589DD0460}.Debug|ARM64.Build.0 = Debug|ARM64
		{CD4A5391-9EB7-4A65-901C-E25589DD0460}.Debug|ARM64.Deploy.0 = Debug|ARM64
		{CD4A5391-9EB7-4A65-901C-E25589DD0460}.Release|ARM.ActiveCfg = Release|ARM
		{CD4A5391-9EB7-4A65-901C-E25589DD0460}.Release|ARM.Build.0 = Release|ARM
		{CD4A5391-9EB7-4A65-901C-E25589DD0460}.Release|ARM.Deploy.0 = Release|ARM
		{CD4A5391-9EB7-4A65-901C-E25589DD0460}.Release|ARM64.ActiveCfg = Release|ARM64
		{CD4A5391-9EB7-4A65-901C-E25589DD0460}.Release|ARM64.Build.0 = Release|ARM64
		{CD4A5391-9EB7-4A65-901C-E25589DD0460}.Release|ARM64.Deploy.0 = Release|ARM64
	EndGlobalSection
	GlobalSection(SolutionProperties) = preSolution
		HideSolutionNode = FALSE
	EndGlobalSection
	GlobalSection(ExtensibilityGlobals) = postSolution
		SolutionGuid = {16A9D08B-2712-480B-81E4-5583BBDA57ED}
	EndGlobalSection
EndGlobal
